
Microsoft Visual Studio Solution File, Format Version 12.00
# Visual Studio Version 17
VisualStudioVersion = 17.6.33829.357
MinimumVisualStudioVersion = 10.0.40219.1
Project("{FAE04EC0-301F-11D3-BF4B-00C04F79EFBC}") = "quanLyNhaHang_Nhom4", "quanLyNhaHang_Nhom4\quanLyNhaHang_Nhom4.csproj", "{9ABDC33E-5604-4530-A09A-FCED64A06FAB}"
EndProject
Global
	GlobalSection(SolutionConfigurationPlatforms) = preSolution
		Debug|Any CPU = Debug|Any CPU
		Release|Any CPU = Release|Any CPU
	EndGlobalSection
	GlobalSection(ProjectConfigurationPlatforms) = postSolution
		{9ABDC33E-5604-4530-A09A-FCED64A06FAB}.Debug|Any CPU.ActiveCfg = Debug|Any CPU
		{9ABDC33E-5604-4530-A09A-FCED64A06FAB}.Debug|Any CPU.Build.0 = Debug|Any CPU
		{9ABDC33E-5604-4530-A09A-FCED64A06FAB}.Release|Any CPU.ActiveCfg = Release|Any CPU
		{9ABDC33E-5604-4530-A09A-FCED64A06FAB}.Release|Any CPU.Build.0 = Release|Any CPU
	EndGlobalSection
	GlobalSection(SolutionProperties) = preSolution
		HideSolutionNode = FALSE
	EndGlobalSection
	GlobalSection(ExtensibilityGlobals) = postSolution
		SolutionGuid = {3591487F-78EA-45D5-8FDD-A16E26213658}
	EndGlobalSection
EndGlobal
